{
  "name": "xymake.daily",
  "lockfileVersion": 3,
  "requires": true,
  "packages": {
    "": {
      "dependencies": {
        "@cloudflare/workers-types": "^4.20250404.0"
      }
    },
    "node_modules/@cloudflare/workers-types": {
      "version": "4.20250404.0",
      "resolved": "https://registry.npmjs.org/@cloudflare/workers-types/-/workers-types-4.20250404.0.tgz",
      "integrity": "sha512-XB8LNS9spWcxU56Tt/RPl0S06oyXfZCSDVKBbzjHYZtgN5kZP4UtTR01t16HUfo330EtJOo8cdo/PbiBAwRNIg==",
      "license": "MIT OR Apache-2.0"
    }
  }
}
